
Microsoft Visual Studio Solution File, Format Version 12.00
# Visual Studio 2015
Project("{FAE04EC0-301F-11D3-BF4B-00C04F79EFBC}") = "UABB-wdl.CSharp", "UABB-wdl.CSharp.csproj", "{9391A604-D937-4338-A1C0-1F54F00EDAAA}"
EndProject
Global
	GlobalSection(SolutionConfigurationPlatforms) = preSolution
		Debug|Any CPU = Debug|Any CPU
		Release|Any CPU = Release|Any CPU
	EndGlobalSection
	GlobalSection(ProjectConfigurationPlatforms) = postSolution
		{9391A604-D937-4338-A1C0-1F54F00EDAAA}.Debug|Any CPU.ActiveCfg = Debug|Any CPU
		{9391A604-D937-4338-A1C0-1F54F00EDAAA}.Debug|Any CPU.Build.0 = Debug|Any CPU
		{9391A604-D937-4338-A1C0-1F54F00EDAAA}.Release|Any CPU.ActiveCfg = Release|Any CPU
		{9391A604-D937-4338-A1C0-1F54F00EDAAA}.Release|Any CPU.Build.0 = Release|Any CPU
	EndGlobalSection
	GlobalSection(SolutionProperties) = preSolution
		HideSolutionNode = FALSE
	EndGlobalSection
EndGlobal
